// !$*UTF8*$!
{
	archiveVersion = 1;
	classes = {
	};
	objectVersion = 51;
	objects = {

/* Begin PBXBuildFile section */
		0748AAEC1AB1CE726A79A895 /* Pods_ARQandATests.framework in Frameworks */ = {isa = PBXBuildFile; fileRef = 96DBB1F9024F0C4FDB53B512 /* Pods_ARQandATests.framework */; };
		8A48005B22CE2CA10063B35F /* AthensClassic.ttf in Resources */ = {isa = PBXBuildFile; fileRef = 8A48005A22CE2B910063B35F /* AthensClassic.ttf */; };
		8A4937B322B5CDCC008EA659 /* YOLO.swift in Sources */ = {isa = PBXBuildFile; fileRef = 8A4937B022B5CDCC008EA659 /* YOLO.swift */; };
		8A4937B422B5CDCC008EA659 /* Helpers.swift in Sources */ = {isa = PBXBuildFile; fileRef = 8A4937B122B5CDCC008EA659 /* Helpers.swift */; };
		8A4937B522B5CDCC008EA659 /* BoundingBox.swift in Sources */ = {isa = PBXBuildFile; fileRef = 8A4937B222B5CDCC008EA659 /* BoundingBox.swift */; };
		8A4937BF22B5D072008EA659 /* giphy.png in Resources */ = {isa = PBXBuildFile; fileRef = 8A4937BC22B5D071008EA659 /* giphy.png */; };
		8A4937C022B5D072008EA659 /* giphy.gif in Resources */ = {isa = PBXBuildFile; fileRef = 8A4937BD22B5D071008EA659 /* giphy.gif */; };
		8A4937C122B5D072008EA659 /* BlackBoard.jpg in Resources */ = {isa = PBXBuildFile; fileRef = 8A4937BE22B5D071008EA659 /* BlackBoard.jpg */; };
		8A4937C422B5D6A3008EA659 /* VictorySound.mp3 in Resources */ = {isa = PBXBuildFile; fileRef = 8A4937C222B5D6A3008EA659 /* VictorySound.mp3 */; };
		8A4937C522B5D6A3008EA659 /* FailedSound.mp3 in Resources */ = {isa = PBXBuildFile; fileRef = 8A4937C322B5D6A3008EA659 /* FailedSound.mp3 */; };
		8A514CA122CF9974004F3774 /* TutorialViewController.swift in Sources */ = {isa = PBXBuildFile; fileRef = 8A514CA022CF9974004F3774 /* TutorialViewController.swift */; };
		8A514CA322CF9982004F3774 /* TutorialFirstViewController.swift in Sources */ = {isa = PBXBuildFile; fileRef = 8A514CA222CF9982004F3774 /* TutorialFirstViewController.swift */; };
		8A514CA522CF998C004F3774 /* TutorialSecondViewController.swift in Sources */ = {isa = PBXBuildFile; fileRef = 8A514CA422CF998C004F3774 /* TutorialSecondViewController.swift */; };
		8A514CA722CF999D004F3774 /* TutorialThirdViewController.swift in Sources */ = {isa = PBXBuildFile; fileRef = 8A514CA622CF999D004F3774 /* TutorialThirdViewController.swift */; };
		8A514CA922CF9A8C004F3774 /* TutorialPageViewController.swift in Sources */ = {isa = PBXBuildFile; fileRef = 8A514CA822CF9A8C004F3774 /* TutorialPageViewController.swift */; };
		8A67012422B338A200C7A09E /* QAViewController.swift in Sources */ = {isa = PBXBuildFile; fileRef = 8A67012322B338A200C7A09E /* QAViewController.swift */; };
		8A69797022B9DD16000FD70F /* LaunchViewController.swift in Sources */ = {isa = PBXBuildFile; fileRef = 8A69796F22B9DD16000FD70F /* LaunchViewController.swift */; };
		8A74E5A622CF9BB200F77AD5 /* arrowBack.png in Resources */ = {isa = PBXBuildFile; fileRef = 8A74E5A522CF9BB200F77AD5 /* arrowBack.png */; };
		8A94FE69228A6111002E6F08 /* AppDelegate.swift in Sources */ = {isa = PBXBuildFile; fileRef = 8A94FE68228A6111002E6F08 /* AppDelegate.swift */; };
		8A94FE6B228A6111002E6F08 /* art.scnassets in Resources */ = {isa = PBXBuildFile; fileRef = 8A94FE6A228A6111002E6F08 /* art.scnassets */; };
		8A94FE6D228A6111002E6F08 /* ARViewController.swift in Sources */ = {isa = PBXBuildFile; fileRef = 8A94FE6C228A6111002E6F08 /* ARViewController.swift */; };
		8A94FE70228A6111002E6F08 /* Main.storyboard in Resources */ = {isa = PBXBuildFile; fileRef = 8A94FE6E228A6111002E6F08 /* Main.storyboard */; };
		8A94FE72228A6112002E6F08 /* Assets.xcassets in Resources */ = {isa = PBXBuildFile; fileRef = 8A94FE71228A6112002E6F08 /* Assets.xcassets */; };
		8A94FE75228A6112002E6F08 /* LaunchScreen.storyboard in Resources */ = {isa = PBXBuildFile; fileRef = 8A94FE73228A6112002E6F08 /* LaunchScreen.storyboard */; };
		8A94FE80228A6112002E6F08 /* ARQandATests.swift in Sources */ = {isa = PBXBuildFile; fileRef = 8A94FE7F228A6112002E6F08 /* ARQandATests.swift */; };
		8A94FE8B228A6112002E6F08 /* ARQandAUITests.swift in Sources */ = {isa = PBXBuildFile; fileRef = 8A94FE8A228A6112002E6F08 /* ARQandAUITests.swift */; };
		8A94FE9D228A6133002E6F08 /* yolo.mlmodel in Sources */ = {isa = PBXBuildFile; fileRef = 8A94FE99228A6133002E6F08 /* yolo.mlmodel */; };
		8ADDE85122C0AD2100C2AFAE /* BoundingBox.swift in Sources */ = {isa = PBXBuildFile; fileRef = 8A4937B222B5CDCC008EA659 /* BoundingBox.swift */; };
		ABBCCDBBC61184A3309C3031 /* Pods_ARQandAUITests.framework in Frameworks */ = {isa = PBXBuildFile; fileRef = CB2F780D349E073F4142C49B /* Pods_ARQandAUITests.framework */; };
		D1B7EE3AB810BACF19397BE9 /* Pods_ARQandA.framework in Frameworks */ = {isa = PBXBuildFile; fileRef = 0C361C047FA832C3B52E12C9 /* Pods_ARQandA.framework */; };
		E9A79A7D22CF36FE00295C53 /* background30.png in Resources */ = {isa = PBXBuildFile; fileRef = E9A79A5622CF36EC00295C53 /* background30.png */; };
		E9A79A7E22CF36FE00295C53 /* background35.png in Resources */ = {isa = PBXBuildFile; fileRef = E9A79A5722CF36EC00295C53 /* background35.png */; };
		E9A79A7F22CF36FE00295C53 /* background18.png in Resources */ = {isa = PBXBuildFile; fileRef = E9A79A5822CF36ED00295C53 /* background18.png */; };
		E9A79A8022CF36FE00295C53 /* background02.png in Resources */ = {isa = PBXBuildFile; fileRef = E9A79A5922CF36EE00295C53 /* background02.png */; };
		E9A79A8122CF36FE00295C53 /* background12.png in Resources */ = {isa = PBXBuildFile; fileRef = E9A79A5A22CF36EE00295C53 /* background12.png */; };
		E9A79A8222CF36FE00295C53 /* background24.png in Resources */ = {isa = PBXBuildFile; fileRef = E9A79A5B22CF36EF00295C53 /* background24.png */; };
		E9A79A8322CF36FE00295C53 /* background32.png in Resources */ = {isa = PBXBuildFile; fileRef = E9A79A5C22CF36EF00295C53 /* background32.png */; };
		E9A79A8422CF36FE00295C53 /* background09.png in Resources */ = {isa = PBXBuildFile; fileRef = E9A79A5D22CF36EF00295C53 /* background09.png */; };
		E9A79A8522CF36FE00295C53 /* background29.png in Resources */ = {isa = PBXBuildFile; fileRef = E9A79A5E22CF36F000295C53 /* background29.png */; };
		E9A79A8622CF36FE00295C53 /* background11.png in Resources */ = {isa = PBXBuildFile; fileRef = E9A79A5F22CF36F000295C53 /* background11.png */; };
		E9A79A8722CF36FE00295C53 /* background14.png in Resources */ = {isa = PBXBuildFile; fileRef = E9A79A6022CF36F100295C53 /* background14.png */; };
		E9A79A8822CF36FE00295C53 /* background21.png in Resources */ = {isa = PBXBuildFile; fileRef = E9A79A6122CF36F100295C53 /* background21.png */; };
		E9A79A8922CF36FE00295C53 /* background19.png in Resources */ = {isa = PBXBuildFile; fileRef = E9A79A6222CF36F200295C53 /* background19.png */; };
		E9A79A8A22CF36FE00295C53 /* background06.png in Resources */ = {isa = PBXBuildFile; fileRef = E9A79A6322CF36F200295C53 /* background06.png */; };
		E9A79A8B22CF36FE00295C53 /* background27.png in Resources */ = {isa = PBXBuildFile; fileRef = E9A79A6422CF36F300295C53 /* background27.png */; };
		E9A79A8C22CF36FE00295C53 /* background36.png in Resources */ = {isa = PBXBuildFile; fileRef = E9A79A6522CF36F300295C53 /* background36.png */; };
		E9A79A8D22CF36FE00295C53 /* background07.png in Resources */ = {isa = PBXBuildFile; fileRef = E9A79A6622CF36F400295C53 /* background07.png */; };
		E9A79A8E22CF36FE00295C53 /* background22.png in Resources */ = {isa = PBXBuildFile; fileRef = E9A79A6722CF36F400295C53 /* background22.png */; };
		E9A79A8F22CF36FE00295C53 /* background10.png in Resources */ = {isa = PBXBuildFile; fileRef = E9A79A6822CF36F500295C53 /* background10.png */; };
		E9A79A9022CF36FE00295C53 /* background39.png in Resources */ = {isa = PBXBuildFile; fileRef = E9A79A6922CF36F500295C53 /* background39.png */; };
		E9A79A9122CF36FE00295C53 /* background13.png in Resources */ = {isa = PBXBuildFile; fileRef = E9A79A6A22CF36F600295C53 /* background13.png */; };
		E9A79A9222CF36FE00295C53 /* background34.png in Resources */ = {isa = PBXBuildFile; fileRef = E9A79A6B22CF36F600295C53 /* background34.png */; };
		E9A79A9322CF36FE00295C53 /* background03.png in Resources */ = {isa = PBXBuildFile; fileRef = E9A79A6C22CF36F600295C53 /* background03.png */; };
		E9A79A9422CF36FE00295C53 /* background17.png in Resources */ = {isa = PBXBuildFile; fileRef = E9A79A6D22CF36F700295C53 /* background17.png */; };
		E9A79A9522CF36FE00295C53 /* background01.png in Resources */ = {isa = PBXBuildFile; fileRef = E9A79A6E22CF36F700295C53 /* background01.png */; };
		E9A79A9622CF36FE00295C53 /* background08.png in Resources */ = {isa = PBXBuildFile; fileRef = E9A79A6F22CF36F800295C53 /* background08.png */; };
		E9A79A9722CF36FE00295C53 /* background20.png in Resources */ = {isa = PBXBuildFile; fileRef = E9A79A7022CF36F800295C53 /* background20.png */; };
		E9A79A9822CF36FE00295C53 /* background23.png in Resources */ = {isa = PBXBuildFile; fileRef = E9A79A7122CF36F900295C53 /* background23.png */; };
		E9A79A9922CF36FE00295C53 /* background25.png in Resources */ = {isa = PBXBuildFile; fileRef = E9A79A7222CF36F900295C53 /* background25.png */; };
		E9A79A9A22CF36FE00295C53 /* background31.png in Resources */ = {isa = PBXBuildFile; fileRef = E9A79A7322CF36FA00295C53 /* background31.png */; };
		E9A79A9B22CF36FE00295C53 /* background04.png in Resources */ = {isa = PBXBuildFile; fileRef = E9A79A7422CF36FA00295C53 /* background04.png */; };
		E9A79A9C22CF36FE00295C53 /* background33.png in Resources */ = {isa = PBXBuildFile; fileRef = E9A79A7522CF36FB00295C53 /* background33.png */; };
		E9A79A9D22CF36FE00295C53 /* background15.png in Resources */ = {isa = PBXBuildFile; fileRef = E9A79A7622CF36FB00295C53 /* background15.png */; };
		E9A79A9E22CF36FE00295C53 /* background16.png in Resources */ = {isa = PBXBuildFile; fileRef = E9A79A7722CF36FC00295C53 /* background16.png */; };
		E9A79A9F22CF36FE00295C53 /* background28.png in Resources */ = {isa = PBXBuildFile; fileRef = E9A79A7822CF36FC00295C53 /* background28.png */; };
		E9A79AA022CF36FE00295C53 /* background05.png in Resources */ = {isa = PBXBuildFile; fileRef = E9A79A7922CF36FC00295C53 /* background05.png */; };
		E9A79AA122CF36FE00295C53 /* background37.png in Resources */ = {isa = PBXBuildFile; fileRef = E9A79A7A22CF36FD00295C53 /* background37.png */; };
		E9A79AA222CF36FE00295C53 /* background38.png in Resources */ = {isa = PBXBuildFile; fileRef = E9A79A7B22CF36FD00295C53 /* background38.png */; };
		E9A79AA322CF36FE00295C53 /* background26.png in Resources */ = {isa = PBXBuildFile; fileRef = E9A79A7C22CF36FE00295C53 /* background26.png */; };
		E9B084E622CB785600FDF797 /* LOGO.png in Resources */ = {isa = PBXBuildFile; fileRef = E9B084E522CB785600FDF797 /* LOGO.png */; };
		E9B084E822CB787E00FDF797 /* START.png in Resources */ = {isa = PBXBuildFile; fileRef = E9B084E722CB787E00FDF797 /* START.png */; };
		E9B084EC22CB7BB000FDF797 /* About.png in Resources */ = {isa = PBXBuildFile; fileRef = E9B084EB22CB7BB000FDF797 /* About.png */; };
		E9B084F022CB82C800FDF797 /* background.png in Resources */ = {isa = PBXBuildFile; fileRef = E9B084EF22CB82C700FDF797 /* background.png */; };
		E9B084F422CC847800FDF797 /* MenuViewController.swift in Sources */ = {isa = PBXBuildFile; fileRef = E9B084F322CC847800FDF797 /* MenuViewController.swift */; };
		E9B084F722CC9AE700FDF797 /* Victory.png in Resources */ = {isa = PBXBuildFile; fileRef = E9B084F522CC9AE500FDF797 /* Victory.png */; };
		E9B084F822CC9AE700FDF797 /* Failed.png in Resources */ = {isa = PBXBuildFile; fileRef = E9B084F622CC9AE600FDF797 /* Failed.png */; };
		E9B0852A22CE006400FDF797 /* MenuButton04.png in Resources */ = {isa = PBXBuildFile; fileRef = E9B0852322CE006000FDF797 /* MenuButton04.png */; };
		E9B0853022CE006400FDF797 /* MenuButton03.png in Resources */ = {isa = PBXBuildFile; fileRef = E9B0852922CE006300FDF797 /* MenuButton03.png */; };
		E9D5E02B22CF6A4D00275D36 /* MenuButtonEX02.png in Resources */ = {isa = PBXBuildFile; fileRef = E9D5E02622CF6A4A00275D36 /* MenuButtonEX02.png */; };
		E9D5E02C22CF6A4D00275D36 /* MenuButtonEX05.png in Resources */ = {isa = PBXBuildFile; fileRef = E9D5E02722CF6A4B00275D36 /* MenuButtonEX05.png */; };
		E9D5E02D22CF6A4D00275D36 /* MenuButtonEX01.png in Resources */ = {isa = PBXBuildFile; fileRef = E9D5E02822CF6A4C00275D36 /* MenuButtonEX01.png */; };
		E9D5E02E22CF6A4D00275D36 /* MenuButtonEX06.png in Resources */ = {isa = PBXBuildFile; fileRef = E9D5E02922CF6A4C00275D36 /* MenuButtonEX06.png */; };
/* End PBXBuildFile section */

/* Begin PBXContainerItemProxy section */
		8A94FE7C228A6112002E6F08 /* PBXContainerItemProxy */ = {
			isa = PBXContainerItemProxy;
			containerPortal = 8A94FE5D228A6111002E6F08 /* Project object */;
			proxyType = 1;
			remoteGlobalIDString = 8A94FE64228A6111002E6F08;
			remoteInfo = ARQandA;
		};
		8A94FE87228A6112002E6F08 /* PBXContainerItemProxy */ = {
			isa = PBXContainerItemProxy;
			containerPortal = 8A94FE5D228A6111002E6F08 /* Project object */;
			proxyType = 1;
			remoteGlobalIDString = 8A94FE64228A6111002E6F08;
			remoteInfo = ARQandA;
		};
/* End PBXContainerItemProxy section */

/* Begin PBXFileReference section */
		05E0FD469A07533F47A954D3 /* Pods-ARQandA.release.xcconfig */ = {isa = PBXFileReference; includeInIndex = 1; lastKnownFileType = text.xcconfig; name = "Pods-ARQandA.release.xcconfig"; path = "Target Support Files/Pods-ARQandA/Pods-ARQandA.release.xcconfig"; sourceTree = "<group>"; };
		0C361C047FA832C3B52E12C9 /* Pods_ARQandA.framework */ = {isa = PBXFileReference; explicitFileType = wrapper.framework; includeInIndex = 0; path = Pods_ARQandA.framework; sourceTree = BUILT_PRODUCTS_DIR; };
		4B7D9B81C523293D3D28E760 /* Pods-ARQandATests.debug.xcconfig */ = {isa = PBXFileReference; includeInIndex = 1; lastKnownFileType = text.xcconfig; name = "Pods-ARQandATests.debug.xcconfig"; path = "Target Support Files/Pods-ARQandATests/Pods-ARQandATests.debug.xcconfig"; sourceTree = "<group>"; };
		811E9209D473AE7DE4C43CAB /* Pods-ARQandAUITests.release.xcconfig */ = {isa = PBXFileReference; includeInIndex = 1; lastKnownFileType = text.xcconfig; name = "Pods-ARQandAUITests.release.xcconfig"; path = "Target Support Files/Pods-ARQandAUITests/Pods-ARQandAUITests.release.xcconfig"; sourceTree = "<group>"; };
		8A48005A22CE2B910063B35F /* AthensClassic.ttf */ = {isa = PBXFileReference; lastKnownFileType = file; path = AthensClassic.ttf; sourceTree = "<group>"; };
		8A4937B022B5CDCC008EA659 /* YOLO.swift */ = {isa = PBXFileReference; lastKnownFileType = sourcecode.swift; path = YOLO.swift; sourceTree = "<group>"; };
		8A4937B122B5CDCC008EA659 /* Helpers.swift */ = {isa = PBXFileReference; lastKnownFileType = sourcecode.swift; path = Helpers.swift; sourceTree = "<group>"; };
		8A4937B222B5CDCC008EA659 /* BoundingBox.swift */ = {isa = PBXFileReference; lastKnownFileType = sourcecode.swift; path = BoundingBox.swift; sourceTree = "<group>"; };
		8A4937BC22B5D071008EA659 /* giphy.png */ = {isa = PBXFileReference; lastKnownFileType = image.png; path = giphy.png; sourceTree = "<group>"; };
		8A4937BD22B5D071008EA659 /* giphy.gif */ = {isa = PBXFileReference; lastKnownFileType = image.gif; path = giphy.gif; sourceTree = "<group>"; };
		8A4937BE22B5D071008EA659 /* BlackBoard.jpg */ = {isa = PBXFileReference; lastKnownFileType = image.jpeg; path = BlackBoard.jpg; sourceTree = "<group>"; };
		8A4937C222B5D6A3008EA659 /* VictorySound.mp3 */ = {isa = PBXFileReference; lastKnownFileType = audio.mp3; path = VictorySound.mp3; sourceTree = "<group>"; };
		8A4937C322B5D6A3008EA659 /* FailedSound.mp3 */ = {isa = PBXFileReference; lastKnownFileType = audio.mp3; path = FailedSound.mp3; sourceTree = "<group>"; };
		8A514CA022CF9974004F3774 /* TutorialViewController.swift */ = {isa = PBXFileReference; lastKnownFileType = sourcecode.swift; path = TutorialViewController.swift; sourceTree = "<group>"; };
		8A514CA222CF9982004F3774 /* TutorialFirstViewController.swift */ = {isa = PBXFileReference; lastKnownFileType = sourcecode.swift; path = TutorialFirstViewController.swift; sourceTree = "<group>"; };
		8A514CA422CF998C004F3774 /* TutorialSecondViewController.swift */ = {isa = PBXFileReference; lastKnownFileType = sourcecode.swift; path = TutorialSecondViewController.swift; sourceTree = "<group>"; };
		8A514CA622CF999D004F3774 /* TutorialThirdViewController.swift */ = {isa = PBXFileReference; lastKnownFileType = sourcecode.swift; path = TutorialThirdViewController.swift; sourceTree = "<group>"; };
		8A514CA822CF9A8C004F3774 /* TutorialPageViewController.swift */ = {isa = PBXFileReference; lastKnownFileType = sourcecode.swift; path = TutorialPageViewController.swift; sourceTree = "<group>"; };
		8A67012322B338A200C7A09E /* QAViewController.swift */ = {isa = PBXFileReference; lastKnownFileType = sourcecode.swift; path = QAViewController.swift; sourceTree = "<group>"; };
		8A69796F22B9DD16000FD70F /* LaunchViewController.swift */ = {isa = PBXFileReference; lastKnownFileType = sourcecode.swift; path = LaunchViewController.swift; sourceTree = "<group>"; };
		8A74E5A522CF9BB200F77AD5 /* arrowBack.png */ = {isa = PBXFileReference; lastKnownFileType = image.png; path = arrowBack.png; sourceTree = "<group>"; };
		8A94FE65228A6111002E6F08 /* ARQandA.app */ = {isa = PBXFileReference; explicitFileType = wrapper.application; includeInIndex = 0; path = ARQandA.app; sourceTree = BUILT_PRODUCTS_DIR; };
		8A94FE68228A6111002E6F08 /* AppDelegate.swift */ = {isa = PBXFileReference; lastKnownFileType = sourcecode.swift; path = AppDelegate.swift; sourceTree = "<group>"; };
		8A94FE6A228A6111002E6F08 /* art.scnassets */ = {isa = PBXFileReference; lastKnownFileType = wrapper.scnassets; path = art.scnassets; sourceTree = "<group>"; };
		8A94FE6C228A6111002E6F08 /* ARViewController.swift */ = {isa = PBXFileReference; lastKnownFileType = sourcecode.swift; path = ARViewController.swift; sourceTree = "<group>"; };
		8A94FE6F228A6111002E6F08 /* Base */ = {isa = PBXFileReference; lastKnownFileType = file.storyboard; name = Base; path = Base.lproj/Main.storyboard; sourceTree = "<group>"; };
		8A94FE71228A6112002E6F08 /* Assets.xcassets */ = {isa = PBXFileReference; lastKnownFileType = folder.assetcatalog; path = Assets.xcassets; sourceTree = "<group>"; };
		8A94FE74228A6112002E6F08 /* Base */ = {isa = PBXFileReference; lastKnownFileType = file.storyboard; name = Base; path = Base.lproj/LaunchScreen.storyboard; sourceTree = "<group>"; };
		8A94FE76228A6112002E6F08 /* Info.plist */ = {isa = PBXFileReference; lastKnownFileType = text.plist.xml; path = Info.plist; sourceTree = "<group>"; };
		8A94FE7B228A6112002E6F08 /* ARQandATests.xctest */ = {isa = PBXFileReference; explicitFileType = wrapper.cfbundle; includeInIndex = 0; path = ARQandATests.xctest; sourceTree = BUILT_PRODUCTS_DIR; };
		8A94FE7F228A6112002E6F08 /* ARQandATests.swift */ = {isa = PBXFileReference; lastKnownFileType = sourcecode.swift; path = ARQandATests.swift; sourceTree = "<group>"; };
		8A94FE81228A6112002E6F08 /* Info.plist */ = {isa = PBXFileReference; lastKnownFileType = text.plist.xml; path = Info.plist; sourceTree = "<group>"; };
		8A94FE86228A6112002E6F08 /* ARQandAUITests.xctest */ = {isa = PBXFileReference; explicitFileType = wrapper.cfbundle; includeInIndex = 0; path = ARQandAUITests.xctest; sourceTree = BUILT_PRODUCTS_DIR; };
		8A94FE8A228A6112002E6F08 /* ARQandAUITests.swift */ = {isa = PBXFileReference; lastKnownFileType = sourcecode.swift; path = ARQandAUITests.swift; sourceTree = "<group>"; };
		8A94FE8C228A6112002E6F08 /* Info.plist */ = {isa = PBXFileReference; lastKnownFileType = text.plist.xml; path = Info.plist; sourceTree = "<group>"; };
		8A94FE99228A6133002E6F08 /* yolo.mlmodel */ = {isa = PBXFileReference; lastKnownFileType = file.mlmodel; path = yolo.mlmodel; sourceTree = "<group>"; };
		8C6AB45C759D86C6B6BF3569 /* Pods-ARQandATests.release.xcconfig */ = {isa = PBXFileReference; includeInIndex = 1; lastKnownFileType = text.xcconfig; name = "Pods-ARQandATests.release.xcconfig"; path = "Target Support Files/Pods-ARQandATests/Pods-ARQandATests.release.xcconfig"; sourceTree = "<group>"; };
		96DBB1F9024F0C4FDB53B512 /* Pods_ARQandATests.framework */ = {isa = PBXFileReference; explicitFileType = wrapper.framework; includeInIndex = 0; path = Pods_ARQandATests.framework; sourceTree = BUILT_PRODUCTS_DIR; };
		C22BEF884E80D76F3E756D70 /* Pods-ARQandA.debug.xcconfig */ = {isa = PBXFileReference; includeInIndex = 1; lastKnownFileType = text.xcconfig; name = "Pods-ARQandA.debug.xcconfig"; path = "Target Support Files/Pods-ARQandA/Pods-ARQandA.debug.xcconfig"; sourceTree = "<group>"; };
		CB2F780D349E073F4142C49B /* Pods_ARQandAUITests.framework */ = {isa = PBXFileReference; explicitFileType = wrapper.framework; includeInIndex = 0; path = Pods_ARQandAUITests.framework; sourceTree = BUILT_PRODUCTS_DIR; };
		E9A79A5622CF36EC00295C53 /* background30.png */ = {isa = PBXFileReference; lastKnownFileType = image.png; name = background30.png; path = backgroundGroup/background30.png; sourceTree = "<group>"; };
		E9A79A5722CF36EC00295C53 /* background35.png */ = {isa = PBXFileReference; lastKnownFileType = image.png; name = background35.png; path = backgroundGroup/background35.png; sourceTree = "<group>"; };
		E9A79A5822CF36ED00295C53 /* background18.png */ = {isa = PBXFileReference; lastKnownFileType = image.png; name = background18.png; path = backgroundGroup/background18.png; sourceTree = "<group>"; };
		E9A79A5922CF36EE00295C53 /* background02.png */ = {isa = PBXFileReference; lastKnownFileType = image.png; name = background02.png; path = backgroundGroup/background02.png; sourceTree = "<group>"; };
		E9A79A5A22CF36EE00295C53 /* background12.png */ = {isa = PBXFileReference; lastKnownFileType = image.png; name = background12.png; path = backgroundGroup/background12.png; sourceTree = "<group>"; };
		E9A79A5B22CF36EF00295C53 /* background24.png */ = {isa = PBXFileReference; lastKnownFileType = image.png; name = background24.png; path = backgroundGroup/background24.png; sourceTree = "<group>"; };
		E9A79A5C22CF36EF00295C53 /* background32.png */ = {isa = PBXFileReference; lastKnownFileType = image.png; name = background32.png; path = backgroundGroup/background32.png; sourceTree = "<group>"; };
		E9A79A5D22CF36EF00295C53 /* background09.png */ = {isa = PBXFileReference; lastKnownFileType = image.png; name = background09.png; path = backgroundGroup/background09.png; sourceTree = "<group>"; };
		E9A79A5E22CF36F000295C53 /* background29.png */ = {isa = PBXFileReference; lastKnownFileType = image.png; name = background29.png; path = backgroundGroup/background29.png; sourceTree = "<group>"; };
		E9A79A5F22CF36F000295C53 /* background11.png */ = {isa = PBXFileReference; lastKnownFileType = image.png; name = background11.png; path = backgroundGroup/background11.png; sourceTree = "<group>"; };
		E9A79A6022CF36F100295C53 /* background14.png */ = {isa = PBXFileReference; lastKnownFileType = image.png; name = background14.png; path = backgroundGroup/background14.png; sourceTree = "<group>"; };
		E9A79A6122CF36F100295C53 /* background21.png */ = {isa = PBXFileReference; lastKnownFileType = image.png; name = background21.png; path = backgroundGroup/background21.png; sourceTree = "<group>"; };
		E9A79A6222CF36F200295C53 /* background19.png */ = {isa = PBXFileReference; lastKnownFileType = image.png; name = background19.png; path = backgroundGroup/background19.png; sourceTree = "<group>"; };
		E9A79A6322CF36F200295C53 /* background06.png */ = {isa = PBXFileReference; lastKnownFileType = image.png; name = background06.png; path = backgroundGroup/background06.png; sourceTree = "<group>"; };
		E9A79A6422CF36F300295C53 /* background27.png */ = {isa = PBXFileReference; lastKnownFileType = image.png; name = background27.png; path = backgroundGroup/background27.png; sourceTree = "<group>"; };
		E9A79A6522CF36F300295C53 /* background36.png */ = {isa = PBXFileReference; lastKnownFileType = image.png; name = background36.png; path = backgroundGroup/background36.png; sourceTree = "<group>"; };
		E9A79A6622CF36F400295C53 /* background07.png */ = {isa = PBXFileReference; lastKnownFileType = image.png; name = background07.png; path = backgroundGroup/background07.png; sourceTree = "<group>"; };
		E9A79A6722CF36F400295C53 /* background22.png */ = {isa = PBXFileReference; lastKnownFileType = image.png; name = background22.png; path = backgroundGroup/background22.png; sourceTree = "<group>"; };
		E9A79A6822CF36F500295C53 /* background10.png */ = {isa = PBXFileReference; lastKnownFileType = image.png; name = background10.png; path = backgroundGroup/background10.png; sourceTree = "<group>"; };
		E9A79A6922CF36F500295C53 /* background39.png */ = {isa = PBXFileReference; lastKnownFileType = image.png; name = background39.png; path = backgroundGroup/background39.png; sourceTree = "<group>"; };
		E9A79A6A22CF36F600295C53 /* background13.png */ = {isa = PBXFileReference; lastKnownFileType = image.png; name = background13.png; path = backgroundGroup/background13.png; sourceTree = "<group>"; };
		E9A79A6B22CF36F600295C53 /* background34.png */ = {isa = PBXFileReference; lastKnownFileType = image.png; name = background34.png; path = backgroundGroup/background34.png; sourceTree = "<group>"; };
		E9A79A6C22CF36F600295C53 /* background03.png */ = {isa = PBXFileReference; lastKnownFileType = image.png; name = background03.png; path = backgroundGroup/background03.png; sourceTree = "<group>"; };
		E9A79A6D22CF36F700295C53 /* background17.png */ = {isa = PBXFileReference; lastKnownFileType = image.png; name = background17.png; path = backgroundGroup/background17.png; sourceTree = "<group>"; };
		E9A79A6E22CF36F700295C53 /* background01.png */ = {isa = PBXFileReference; lastKnownFileType = image.png; name = background01.png; path = backgroundGroup/background01.png; sourceTree = "<group>"; };
		E9A79A6F22CF36F800295C53 /* background08.png */ = {isa = PBXFileReference; lastKnownFileType = image.png; name = background08.png; path = backgroundGroup/background08.png; sourceTree = "<group>"; };
		E9A79A7022CF36F800295C53 /* background20.png */ = {isa = PBXFileReference; lastKnownFileType = image.png; name = background20.png; path = backgroundGroup/background20.png; sourceTree = "<group>"; };
		E9A79A7122CF36F900295C53 /* background23.png */ = {isa = PBXFileReference; lastKnownFileType = image.png; name = background23.png; path = backgroundGroup/background23.png; sourceTree = "<group>"; };
		E9A79A7222CF36F900295C53 /* background25.png */ = {isa = PBXFileReference; lastKnownFileType = image.png; name = background25.png; path = backgroundGroup/background25.png; sourceTree = "<group>"; };
		E9A79A7322CF36FA00295C53 /* background31.png */ = {isa = PBXFileReference; lastKnownFileType = image.png; name = background31.png; path = backgroundGroup/background31.png; sourceTree = "<group>"; };
		E9A79A7422CF36FA00295C53 /* background04.png */ = {isa = PBXFileReference; lastKnownFileType = image.png; name = background04.png; path = backgroundGroup/background04.png; sourceTree = "<group>"; };
		E9A79A7522CF36FB00295C53 /* background33.png */ = {isa = PBXFileReference; lastKnownFileType = image.png; name = background33.png; path = backgroundGroup/background33.png; sourceTree = "<group>"; };
		E9A79A7622CF36FB00295C53 /* background15.png */ = {isa = PBXFileReference; lastKnownFileType = image.png; name = background15.png; path = backgroundGroup/background15.png; sourceTree = "<group>"; };
		E9A79A7722CF36FC00295C53 /* background16.png */ = {isa = PBXFileReference; lastKnownFileType = image.png; name = background16.png; path = backgroundGroup/background16.png; sourceTree = "<group>"; };
		E9A79A7822CF36FC00295C53 /* background28.png */ = {isa = PBXFileReference; lastKnownFileType = image.png; name = background28.png; path = backgroundGroup/background28.png; sourceTree = "<group>"; };
		E9A79A7922CF36FC00295C53 /* background05.png */ = {isa = PBXFileReference; lastKnownFileType = image.png; name = background05.png; path = backgroundGroup/background05.png; sourceTree = "<group>"; };
		E9A79A7A22CF36FD00295C53 /* background37.png */ = {isa = PBXFileReference; lastKnownFileType = image.png; name = background37.png; path = backgroundGroup/background37.png; sourceTree = "<group>"; };
		E9A79A7B22CF36FD00295C53 /* background38.png */ = {isa = PBXFileReference; lastKnownFileType = image.png; name = background38.png; path = backgroundGroup/background38.png; sourceTree = "<group>"; };
		E9A79A7C22CF36FE00295C53 /* background26.png */ = {isa = PBXFileReference; lastKnownFileType = image.png; name = background26.png; path = backgroundGroup/background26.png; sourceTree = "<group>"; };
		E9B084E522CB785600FDF797 /* LOGO.png */ = {isa = PBXFileReference; lastKnownFileType = image.png; path = LOGO.png; sourceTree = "<group>"; };
		E9B084E722CB787E00FDF797 /* START.png */ = {isa = PBXFileReference; lastKnownFileType = image.png; path = START.png; sourceTree = "<group>"; };
		E9B084EB22CB7BB000FDF797 /* About.png */ = {isa = PBXFileReference; lastKnownFileType = image.png; path = About.png; sourceTree = "<group>"; };
		E9B084EF22CB82C700FDF797 /* background.png */ = {isa = PBXFileReference; lastKnownFileType = image.png; path = background.png; sourceTree = "<group>"; };
		E9B084F322CC847800FDF797 /* MenuViewController.swift */ = {isa = PBXFileReference; lastKnownFileType = sourcecode.swift; path = MenuViewController.swift; sourceTree = "<group>"; };
		E9B084F522CC9AE500FDF797 /* Victory.png */ = {isa = PBXFileReference; lastKnownFileType = image.png; path = Victory.png; sourceTree = "<group>"; };
		E9B084F622CC9AE600FDF797 /* Failed.png */ = {isa = PBXFileReference; lastKnownFileType = image.png; path = Failed.png; sourceTree = "<group>"; };
		E9B0852322CE006000FDF797 /* MenuButton04.png */ = {isa = PBXFileReference; lastKnownFileType = image.png; path = MenuButton04.png; sourceTree = "<group>"; };
		E9B0852922CE006300FDF797 /* MenuButton03.png */ = {isa = PBXFileReference; lastKnownFileType = image.png; path = MenuButton03.png; sourceTree = "<group>"; };
		E9D5E02622CF6A4A00275D36 /* MenuButtonEX02.png */ = {isa = PBXFileReference; lastKnownFileType = image.png; path = MenuButtonEX02.png; sourceTree = "<group>"; };
		E9D5E02722CF6A4B00275D36 /* MenuButtonEX05.png */ = {isa = PBXFileReference; lastKnownFileType = image.png; path = MenuButtonEX05.png; sourceTree = "<group>"; };
		E9D5E02822CF6A4C00275D36 /* MenuButtonEX01.png */ = {isa = PBXFileReference; lastKnownFileType = image.png; path = MenuButtonEX01.png; sourceTree = "<group>"; };
		E9D5E02922CF6A4C00275D36 /* MenuButtonEX06.png */ = {isa = PBXFileReference; lastKnownFileType = image.png; path = MenuButtonEX06.png; sourceTree = "<group>"; };
		F34CF678C9DA0DE417577C36 /* Pods-ARQandAUITests.debug.xcconfig */ = {isa = PBXFileReference; includeInIndex = 1; lastKnownFileType = text.xcconfig; name = "Pods-ARQandAUITests.debug.xcconfig"; path = "Target Support Files/Pods-ARQandAUITests/Pods-ARQandAUITests.debug.xcconfig"; sourceTree = "<group>"; };
/* End PBXFileReference section */

/* Begin PBXFrameworksBuildPhase section */
		8A94FE62228A6111002E6F08 /* Frameworks */ = {
			isa = PBXFrameworksBuildPhase;
			buildActionMask = 2147483647;
			files = (
				D1B7EE3AB810BACF19397BE9 /* Pods_ARQandA.framework in Frameworks */,
			);
			runOnlyForDeploymentPostprocessing = 0;
		};
		8A94FE78228A6112002E6F08 /* Frameworks */ = {
			isa = PBXFrameworksBuildPhase;
			buildActionMask = 2147483647;
			files = (
				0748AAEC1AB1CE726A79A895 /* Pods_ARQandATests.framework in Frameworks */,
			);
			runOnlyForDeploymentPostprocessing = 0;
		};
		8A94FE83228A6112002E6F08 /* Frameworks */ = {
			isa = PBXFrameworksBuildPhase;
			buildActionMask = 2147483647;
			files = (
				ABBCCDBBC61184A3309C3031 /* Pods_ARQandAUITests.framework in Frameworks */,
			);
			runOnlyForDeploymentPostprocessing = 0;
		};
/* End PBXFrameworksBuildPhase section */

/* Begin PBXGroup section */
		869A91CF2430DFC13713384A /* Pods */ = {
			isa = PBXGroup;
			children = (
				C22BEF884E80D76F3E756D70 /* Pods-ARQandA.debug.xcconfig */,
				05E0FD469A07533F47A954D3 /* Pods-ARQandA.release.xcconfig */,
				4B7D9B81C523293D3D28E760 /* Pods-ARQandATests.debug.xcconfig */,
				8C6AB45C759D86C6B6BF3569 /* Pods-ARQandATests.release.xcconfig */,
				F34CF678C9DA0DE417577C36 /* Pods-ARQandAUITests.debug.xcconfig */,
				811E9209D473AE7DE4C43CAB /* Pods-ARQandAUITests.release.xcconfig */,
			);
			path = Pods;
			sourceTree = "<group>";
		};
		8A4937BA22B5CF3B008EA659 /* ARHelpers */ = {
			isa = PBXGroup;
			children = (
				8A48005A22CE2B910063B35F /* AthensClassic.ttf */,
				8A4937B222B5CDCC008EA659 /* BoundingBox.swift */,
				8A4937B122B5CDCC008EA659 /* Helpers.swift */,
				8A4937B022B5CDCC008EA659 /* YOLO.swift */,
			);
			name = ARHelpers;
			path = ARQandA/ARHelpers;
			sourceTree = SOURCE_ROOT;
		};
		8A4937BB22B5D022008EA659 /* QAHelper */ = {
			isa = PBXGroup;
			children = (
				E9B085D922CF237000FDF797 /* AnimationBackground */,
				E9B0852222CE003900FDF797 /* Menu */,
				E9B0852122CE001300FDF797 /* Launch */,
				E9B0852022CDFFB600FDF797 /* QA */,
			);
			name = QAHelper;
			path = ARQandA/QAHelper;
			sourceTree = SOURCE_ROOT;
		};
		8A514C9F22CF9922004F3774 /* Tutorial */ = {
			isa = PBXGroup;
			children = (
				8A514CA022CF9974004F3774 /* TutorialViewController.swift */,
				8A514CA222CF9982004F3774 /* TutorialFirstViewController.swift */,
				8A514CA422CF998C004F3774 /* TutorialSecondViewController.swift */,
				8A514CA622CF999D004F3774 /* TutorialThirdViewController.swift */,
				8A514CA822CF9A8C004F3774 /* TutorialPageViewController.swift */,
			);
			path = Tutorial;
			sourceTree = "<group>";
		};
		8A94FE5C228A6111002E6F08 = {
			isa = PBXGroup;
			children = (
				8A94FE67228A6111002E6F08 /* ARQandA */,
				8A94FE7E228A6112002E6F08 /* ARQandATests */,
				8A94FE89228A6112002E6F08 /* ARQandAUITests */,
				8A94FE66228A6111002E6F08 /* Products */,
				869A91CF2430DFC13713384A /* Pods */,
				CFE44F5CC8A529DD59319D6D /* Frameworks */,
			);
			sourceTree = "<group>";
		};
		8A94FE66228A6111002E6F08 /* Products */ = {
			isa = PBXGroup;
			children = (
				8A94FE65228A6111002E6F08 /* ARQandA.app */,
				8A94FE7B228A6112002E6F08 /* ARQandATests.xctest */,
				8A94FE86228A6112002E6F08 /* ARQandAUITests.xctest */,
			);
			name = Products;
			sourceTree = "<group>";
		};
		8A94FE67228A6111002E6F08 /* ARQandA */ = {
			isa = PBXGroup;
			children = (
				8A94FE6C228A6111002E6F08 /* ARViewController.swift */,
				8A67012322B338A200C7A09E /* QAViewController.swift */,
				8A69796F22B9DD16000FD70F /* LaunchViewController.swift */,
				E9B084F322CC847800FDF797 /* MenuViewController.swift */,
				8A4937BA22B5CF3B008EA659 /* ARHelpers */,
				8A4937BB22B5D022008EA659 /* QAHelper */,
				8A514C9F22CF9922004F3774 /* Tutorial */,
				8A94FE68228A6111002E6F08 /* AppDelegate.swift */,
				8A94FE6A228A6111002E6F08 /* art.scnassets */,
				8A94FE6E228A6111002E6F08 /* Main.storyboard */,
				8A94FE71228A6112002E6F08 /* Assets.xcassets */,
				8A94FE73228A6112002E6F08 /* LaunchScreen.storyboard */,
				8A94FE76228A6112002E6F08 /* Info.plist */,
				8A94FE99228A6133002E6F08 /* yolo.mlmodel */,
			);
			path = ARQandA;
			sourceTree = "<group>";
		};
		8A94FE7E228A6112002E6F08 /* ARQandATests */ = {
			isa = PBXGroup;
			children = (
				8A94FE7F228A6112002E6F08 /* ARQandATests.swift */,
				8A94FE81228A6112002E6F08 /* Info.plist */,
			);
			path = ARQandATests;
			sourceTree = "<group>";
		};
		8A94FE89228A6112002E6F08 /* ARQandAUITests */ = {
			isa = PBXGroup;
			children = (
				8A94FE8A228A6112002E6F08 /* ARQandAUITests.swift */,
				8A94FE8C228A6112002E6F08 /* Info.plist */,
			);
			path = ARQandAUITests;
			sourceTree = "<group>";
		};
		CFE44F5CC8A529DD59319D6D /* Frameworks */ = {
			isa = PBXGroup;
			children = (
				0C361C047FA832C3B52E12C9 /* Pods_ARQandA.framework */,
				96DBB1F9024F0C4FDB53B512 /* Pods_ARQandATests.framework */,
				CB2F780D349E073F4142C49B /* Pods_ARQandAUITests.framework */,
			);
			name = Frameworks;
			sourceTree = "<group>";
		};
		E9B0852022CDFFB600FDF797 /* QA */ = {
			isa = PBXGroup;
			children = (
				E9B084F522CC9AE500FDF797 /* Victory.png */,
				E9B084F622CC9AE600FDF797 /* Failed.png */,
				8A4937C322B5D6A3008EA659 /* FailedSound.mp3 */,
				8A4937C222B5D6A3008EA659 /* VictorySound.mp3 */,
				8A4937BE22B5D071008EA659 /* BlackBoard.jpg */,
				8A4937BD22B5D071008EA659 /* giphy.gif */,
				8A4937BC22B5D071008EA659 /* giphy.png */,
			);
			path = QA;
			sourceTree = "<group>";
		};
		E9B0852122CE001300FDF797 /* Launch */ = {
			isa = PBXGroup;
			children = (
				E9B084EF22CB82C700FDF797 /* background.png */,
				E9B084EB22CB7BB000FDF797 /* About.png */,
				E9B084E722CB787E00FDF797 /* START.png */,
				E9B084E522CB785600FDF797 /* LOGO.png */,
			);
			path = Launch;
			sourceTree = "<group>";
		};
		E9B0852222CE003900FDF797 /* Menu */ = {
			isa = PBXGroup;
			children = (
				8A74E5A522CF9BB200F77AD5 /* arrowBack.png */,
				E9D5E02822CF6A4C00275D36 /* MenuButtonEX01.png */,
				E9D5E02622CF6A4A00275D36 /* MenuButtonEX02.png */,
				E9D5E02722CF6A4B00275D36 /* MenuButtonEX05.png */,
				E9D5E02922CF6A4C00275D36 /* MenuButtonEX06.png */,
				E9B0852922CE006300FDF797 /* MenuButton03.png */,
				E9B0852322CE006000FDF797 /* MenuButton04.png */,
			);
			path = Menu;
			sourceTree = "<group>";
		};
		E9B085D922CF237000FDF797 /* AnimationBackground */ = {
			isa = PBXGroup;
			children = (
				E9A79A6E22CF36F700295C53 /* background01.png */,
				E9A79A5922CF36EE00295C53 /* background02.png */,
				E9A79A6C22CF36F600295C53 /* background03.png */,
				E9A79A7422CF36FA00295C53 /* background04.png */,
				E9A79A7922CF36FC00295C53 /* background05.png */,
				E9A79A6322CF36F200295C53 /* background06.png */,
				E9A79A6622CF36F400295C53 /* background07.png */,
				E9A79A6F22CF36F800295C53 /* background08.png */,
				E9A79A5D22CF36EF00295C53 /* background09.png */,
				E9A79A6822CF36F500295C53 /* background10.png */,
				E9A79A5F22CF36F000295C53 /* background11.png */,
				E9A79A5A22CF36EE00295C53 /* background12.png */,
				E9A79A6A22CF36F600295C53 /* background13.png */,
				E9A79A6022CF36F100295C53 /* background14.png */,
				E9A79A7622CF36FB00295C53 /* background15.png */,
				E9A79A7722CF36FC00295C53 /* background16.png */,
				E9A79A6D22CF36F700295C53 /* background17.png */,
				E9A79A5822CF36ED00295C53 /* background18.png */,
				E9A79A6222CF36F200295C53 /* background19.png */,
				E9A79A7022CF36F800295C53 /* background20.png */,
				E9A79A6122CF36F100295C53 /* background21.png */,
				E9A79A6722CF36F400295C53 /* background22.png */,
				E9A79A7122CF36F900295C53 /* background23.png */,
				E9A79A5B22CF36EF00295C53 /* background24.png */,
				E9A79A7222CF36F900295C53 /* background25.png */,
				E9A79A7C22CF36FE00295C53 /* background26.png */,
				E9A79A6422CF36F300295C53 /* background27.png */,
				E9A79A7822CF36FC00295C53 /* background28.png */,
				E9A79A5E22CF36F000295C53 /* background29.png */,
				E9A79A5622CF36EC00295C53 /* background30.png */,
				E9A79A7322CF36FA00295C53 /* background31.png */,
				E9A79A5C22CF36EF00295C53 /* background32.png */,
				E9A79A7522CF36FB00295C53 /* background33.png */,
				E9A79A6B22CF36F600295C53 /* background34.png */,
				E9A79A5722CF36EC00295C53 /* background35.png */,
				E9A79A6522CF36F300295C53 /* background36.png */,
				E9A79A7A22CF36FD00295C53 /* background37.png */,
				E9A79A7B22CF36FD00295C53 /* background38.png */,
				E9A79A6922CF36F500295C53 /* background39.png */,
			);
			name = AnimationBackground;
			sourceTree = "<group>";
		};
/* End PBXGroup section */

/* Begin PBXNativeTarget section */
		8A94FE64228A6111002E6F08 /* ARQandA */ = {
			isa = PBXNativeTarget;
			buildConfigurationList = 8A94FE8F228A6112002E6F08 /* Build configuration list for PBXNativeTarget "ARQandA" */;
			buildPhases = (
				F393EB66DDFB6BAFE51EA5FC /* [CP] Check Pods Manifest.lock */,
				8A94FE61228A6111002E6F08 /* Sources */,
				8A94FE62228A6111002E6F08 /* Frameworks */,
				8A94FE63228A6111002E6F08 /* Resources */,
				504769B4DFE3ACE2F4475ED7 /* [CP] Embed Pods Frameworks */,
			);
			buildRules = (
			);
			dependencies = (
			);
			name = ARQandA;
			productName = ARQandA;
			productReference = 8A94FE65228A6111002E6F08 /* ARQandA.app */;
			productType = "com.apple.product-type.application";
		};
		8A94FE7A228A6112002E6F08 /* ARQandATests */ = {
			isa = PBXNativeTarget;
			buildConfigurationList = 8A94FE92228A6112002E6F08 /* Build configuration list for PBXNativeTarget "ARQandATests" */;
			buildPhases = (
				37A17CFB0812FEFB5453255E /* [CP] Check Pods Manifest.lock */,
				8A94FE77228A6112002E6F08 /* Sources */,
				8A94FE78228A6112002E6F08 /* Frameworks */,
				8A94FE79228A6112002E6F08 /* Resources */,
			);
			buildRules = (
			);
			dependencies = (
				8A94FE7D228A6112002E6F08 /* PBXTargetDependency */,
			);
			name = ARQandATests;
			productName = ARQandATests;
			productReference = 8A94FE7B228A6112002E6F08 /* ARQandATests.xctest */;
			productType = "com.apple.product-type.bundle.unit-test";
		};
		8A94FE85228A6112002E6F08 /* ARQandAUITests */ = {
			isa = PBXNativeTarget;
			buildConfigurationList = 8A94FE95228A6112002E6F08 /* Build configuration list for PBXNativeTarget "ARQandAUITests" */;
			buildPhases = (
				BD75F731C79C0A5BB531BCD3 /* [CP] Check Pods Manifest.lock */,
				8A94FE82228A6112002E6F08 /* Sources */,
				8A94FE83228A6112002E6F08 /* Frameworks */,
				8A94FE84228A6112002E6F08 /* Resources */,
			);
			buildRules = (
			);
			dependencies = (
				8A94FE88228A6112002E6F08 /* PBXTargetDependency */,
			);
			name = ARQandAUITests;
			productName = ARQandAUITests;
			productReference = 8A94FE86228A6112002E6F08 /* ARQandAUITests.xctest */;
			productType = "com.apple.product-type.bundle.ui-testing";
		};
/* End PBXNativeTarget section */

/* Begin PBXProject section */
		8A94FE5D228A6111002E6F08 /* Project object */ = {
			isa = PBXProject;
			attributes = {
				LastSwiftUpdateCheck = 1020;
				LastUpgradeCheck = 1020;
				ORGANIZATIONNAME = "蔣聖訢";
				TargetAttributes = {
					8A94FE64228A6111002E6F08 = {
						CreatedOnToolsVersion = 10.2.1;
					};
					8A94FE7A228A6112002E6F08 = {
						CreatedOnToolsVersion = 10.2.1;
						TestTargetID = 8A94FE64228A6111002E6F08;
					};
					8A94FE85228A6112002E6F08 = {
						CreatedOnToolsVersion = 10.2.1;
						TestTargetID = 8A94FE64228A6111002E6F08;
					};
				};
			};
			buildConfigurationList = 8A94FE60228A6111002E6F08 /* Build configuration list for PBXProject "ARQandA" */;
			compatibilityVersion = "Xcode 9.3";
			developmentRegion = en;
			hasScannedForEncodings = 0;
			knownRegions = (
				en,
				Base,
			);
			mainGroup = 8A94FE5C228A6111002E6F08;
			productRefGroup = 8A94FE66228A6111002E6F08 /* Products */;
			projectDirPath = "";
			projectRoot = "";
			targets = (
				8A94FE64228A6111002E6F08 /* ARQandA */,
				8A94FE7A228A6112002E6F08 /* ARQandATests */,
				8A94FE85228A6112002E6F08 /* ARQandAUITests */,
			);
		};
/* End PBXProject section */

/* Begin PBXResourcesBuildPhase section */
		8A94FE63228A6111002E6F08 /* Resources */ = {
			isa = PBXResourcesBuildPhase;
			buildActionMask = 2147483647;
			files = (
				E9A79A9E22CF36FE00295C53 /* background16.png in Resources */,
				E9A79A8F22CF36FE00295C53 /* background10.png in Resources */,
				E9A79A9322CF36FE00295C53 /* background03.png in Resources */,
				8A48005B22CE2CA10063B35F /* AthensClassic.ttf in Resources */,
				E9A79A9F22CF36FE00295C53 /* background28.png in Resources */,
				E9A79A8B22CF36FE00295C53 /* background27.png in Resources */,
				E9A79A8222CF36FE00295C53 /* background24.png in Resources */,
				E9A79A8422CF36FE00295C53 /* background09.png in Resources */,
				E9A79A9522CF36FE00295C53 /* background01.png in Resources */,
				8A4937C122B5D072008EA659 /* BlackBoard.jpg in Resources */,
				E9A79A9622CF36FE00295C53 /* background08.png in Resources */,
				E9A79AA222CF36FE00295C53 /* background38.png in Resources */,
				E9A79A7D22CF36FE00295C53 /* background30.png in Resources */,
				E9A79A8E22CF36FE00295C53 /* background22.png in Resources */,
				E9A79A9122CF36FE00295C53 /* background13.png in Resources */,
				E9A79A8022CF36FE00295C53 /* background02.png in Resources */,
				E9A79A9722CF36FE00295C53 /* background20.png in Resources */,
				8A94FE6B228A6111002E6F08 /* art.scnassets in Resources */,
				E9A79A7F22CF36FE00295C53 /* background18.png in Resources */,
				E9A79A8622CF36FE00295C53 /* background11.png in Resources */,
				E9B0853022CE006400FDF797 /* MenuButton03.png in Resources */,
				E9A79A8A22CF36FE00295C53 /* background06.png in Resources */,
				E9D5E02B22CF6A4D00275D36 /* MenuButtonEX02.png in Resources */,
				E9A79A8C22CF36FE00295C53 /* background36.png in Resources */,
				E9A79A8722CF36FE00295C53 /* background14.png in Resources */,
				E9B084F022CB82C800FDF797 /* background.png in Resources */,
				E9B084E622CB785600FDF797 /* LOGO.png in Resources */,
				E9A79A8822CF36FE00295C53 /* background21.png in Resources */,
				E9D5E02C22CF6A4D00275D36 /* MenuButtonEX05.png in Resources */,
				E9B084F722CC9AE700FDF797 /* Victory.png in Resources */,
				E9A79A9422CF36FE00295C53 /* background17.png in Resources */,
				E9B084EC22CB7BB000FDF797 /* About.png in Resources */,
				E9D5E02D22CF6A4D00275D36 /* MenuButtonEX01.png in Resources */,
				8A4937BF22B5D072008EA659 /* giphy.png in Resources */,
				E9B084E822CB787E00FDF797 /* START.png in Resources */,
				E9A79A9B22CF36FE00295C53 /* background04.png in Resources */,
				E9B0852A22CE006400FDF797 /* MenuButton04.png in Resources */,
				E9A79A8922CF36FE00295C53 /* background19.png in Resources */,
				8A74E5A622CF9BB200F77AD5 /* arrowBack.png in Resources */,
				8A94FE75228A6112002E6F08 /* LaunchScreen.storyboard in Resources */,
				8A94FE72228A6112002E6F08 /* Assets.xcassets in Resources */,
				8A4937C022B5D072008EA659 /* giphy.gif in Resources */,
				E9A79A9022CF36FE00295C53 /* background39.png in Resources */,
				E9A79AA022CF36FE00295C53 /* background05.png in Resources */,
				E9A79A9922CF36FE00295C53 /* background25.png in Resources */,
				E9A79A9822CF36FE00295C53 /* background23.png in Resources */,
				8A4937C522B5D6A3008EA659 /* FailedSound.mp3 in Resources */,
				E9A79A7E22CF36FE00295C53 /* background35.png in Resources */,
				E9A79A9C22CF36FE00295C53 /* background33.png in Resources */,
				E9A79A9D22CF36FE00295C53 /* background15.png in Resources */,
				E9A79AA322CF36FE00295C53 /* background26.png in Resources */,
				E9A79A8D22CF36FE00295C53 /* background07.png in Resources */,
				E9A79A8122CF36FE00295C53 /* background12.png in Resources */,
				E9B084F822CC9AE700FDF797 /* Failed.png in Resources */,
				E9A79A9222CF36FE00295C53 /* background34.png in Resources */,
				E9A79A9A22CF36FE00295C53 /* background31.png in Resources */,
				E9A79A8522CF36FE00295C53 /* background29.png in Resources */,
				E9D5E02E22CF6A4D00275D36 /* MenuButtonEX06.png in Resources */,
				E9A79A8322CF36FE00295C53 /* background32.png in Resources */,
				8A94FE70228A6111002E6F08 /* Main.storyboard in Resources */,
				E9A79AA122CF36FE00295C53 /* background37.png in Resources */,
				8A4937C422B5D6A3008EA659 /* VictorySound.mp3 in Resources */,
			);
			runOnlyForDeploymentPostprocessing = 0;
		};
		8A94FE79228A6112002E6F08 /* Resources */ = {
			isa = PBXResourcesBuildPhase;
			buildActionMask = 2147483647;
			files = (
			);
			runOnlyForDeploymentPostprocessing = 0;
		};
		8A94FE84228A6112002E6F08 /* Resources */ = {
			isa = PBXResourcesBuildPhase;
			buildActionMask = 2147483647;
			files = (
			);
			runOnlyForDeploymentPostprocessing = 0;
		};
/* End PBXResourcesBuildPhase section */

/* Begin PBXShellScriptBuildPhase section */
		37A17CFB0812FEFB5453255E /* [CP] Check Pods Manifest.lock */ = {
			isa = PBXShellScriptBuildPhase;
			buildActionMask = 2147483647;
			files = (
			);
			inputFileListPaths = (
			);
			inputPaths = (
				"${PODS_PODFILE_DIR_PATH}/Podfile.lock",
				"${PODS_ROOT}/Manifest.lock",
			);
			name = "[CP] Check Pods Manifest.lock";
			outputFileListPaths = (
			);
			outputPaths = (
				"$(DERIVED_FILE_DIR)/Pods-ARQandATests-checkManifestLockResult.txt",
			);
			runOnlyForDeploymentPostprocessing = 0;
			shellPath = /bin/sh;
			shellScript = "diff \"${PODS_PODFILE_DIR_PATH}/Podfile.lock\" \"${PODS_ROOT}/Manifest.lock\" > /dev/null\nif [ $? != 0 ] ; then\n    # print error to STDERR\n    echo \"error: The sandbox is not in sync with the Podfile.lock. Run 'pod install' or update your CocoaPods installation.\" >&2\n    exit 1\nfi\n# This output is used by Xcode 'outputs' to avoid re-running this script phase.\necho \"SUCCESS\" > \"${SCRIPT_OUTPUT_FILE_0}\"\n";
			showEnvVarsInLog = 0;
		};
		504769B4DFE3ACE2F4475ED7 /* [CP] Embed Pods Frameworks */ = {
			isa = PBXShellScriptBuildPhase;
			buildActionMask = 2147483647;
			files = (
			);
			inputFileListPaths = (
				"${PODS_ROOT}/Target Support Files/Pods-ARQandA/Pods-ARQandA-frameworks-${CONFIGURATION}-input-files.xcfilelist",
			);
			name = "[CP] Embed Pods Frameworks";
			outputFileListPaths = (
				"${PODS_ROOT}/Target Support Files/Pods-ARQandA/Pods-ARQandA-frameworks-${CONFIGURATION}-output-files.xcfilelist",
			);
			runOnlyForDeploymentPostprocessing = 0;
			shellPath = /bin/sh;
			shellScript = "\"${PODS_ROOT}/Target Support Files/Pods-ARQandA/Pods-ARQandA-frameworks.sh\"\n";
			showEnvVarsInLog = 0;
		};
		BD75F731C79C0A5BB531BCD3 /* [CP] Check Pods Manifest.lock */ = {
			isa = PBXShellScriptBuildPhase;
			buildActionMask = 2147483647;
			files = (
			);
			inputFileListPaths = (
			);
			inputPaths = (
				"${PODS_PODFILE_DIR_PATH}/Podfile.lock",
				"${PODS_ROOT}/Manifest.lock",
			);
			name = "[CP] Check Pods Manifest.lock";
			outputFileListPaths = (
			);
			outputPaths = (
				"$(DERIVED_FILE_DIR)/Pods-ARQandAUITests-checkManifestLockResult.txt",
			);
			runOnlyForDeploymentPostprocessing = 0;
			shellPath = /bin/sh;
			shellScript = "diff \"${PODS_PODFILE_DIR_PATH}/Podfile.lock\" \"${PODS_ROOT}/Manifest.lock\" > /dev/null\nif [ $? != 0 ] ; then\n    # print error to STDERR\n    echo \"error: The sandbox is not in sync with the Podfile.lock. Run 'pod install' or update your CocoaPods installation.\" >&2\n    exit 1\nfi\n# This output is used by Xcode 'outputs' to avoid re-running this script phase.\necho \"SUCCESS\" > \"${SCRIPT_OUTPUT_FILE_0}\"\n";
			showEnvVarsInLog = 0;
		};
		F393EB66DDFB6BAFE51EA5FC /* [CP] Check Pods Manifest.lock */ = {
			isa = PBXShellScriptBuildPhase;
			buildActionMask = 2147483647;
			files = (
			);
			inputFileListPaths = (
			);
			inputPaths = (
				"${PODS_PODFILE_DIR_PATH}/Podfile.lock",
				"${PODS_ROOT}/Manifest.lock",
			);
			name = "[CP] Check Pods Manifest.lock";
			outputFileListPaths = (
			);
			outputPaths = (
				"$(DERIVED_FILE_DIR)/Pods-ARQandA-checkManifestLockResult.txt",
			);
			runOnlyForDeploymentPostprocessing = 0;
			shellPath = /bin/sh;
			shellScript = "diff \"${PODS_PODFILE_DIR_PATH}/Podfile.lock\" \"${PODS_ROOT}/Manifest.lock\" > /dev/null\nif [ $? != 0 ] ; then\n    # print error to STDERR\n    echo \"error: The sandbox is not in sync with the Podfile.lock. Run 'pod install' or update your CocoaPods installation.\" >&2\n    exit 1\nfi\n# This output is used by Xcode 'outputs' to avoid re-running this script phase.\necho \"SUCCESS\" > \"${SCRIPT_OUTPUT_FILE_0}\"\n";
			showEnvVarsInLog = 0;
		};
/* End PBXShellScriptBuildPhase section */

/* Begin PBXSourcesBuildPhase section */
		8A94FE61228A6111002E6F08 /* Sources */ = {
			isa = PBXSourcesBuildPhase;
			buildActionMask = 2147483647;
			files = (
				8A514CA522CF998C004F3774 /* TutorialSecondViewController.swift in Sources */,
				8A94FE6D228A6111002E6F08 /* ARViewController.swift in Sources */,
				8A514CA922CF9A8C004F3774 /* TutorialPageViewController.swift in Sources */,
				8A69797022B9DD16000FD70F /* LaunchViewController.swift in Sources */,
				8A514CA122CF9974004F3774 /* TutorialViewController.swift in Sources */,
				8A4937B422B5CDCC008EA659 /* Helpers.swift in Sources */,
				8A4937B522B5CDCC008EA659 /* BoundingBox.swift in Sources */,
				8A514CA322CF9982004F3774 /* TutorialFirstViewController.swift in Sources */,
				E9B084F422CC847800FDF797 /* MenuViewController.swift in Sources */,
				8A94FE69228A6111002E6F08 /* AppDelegate.swift in Sources */,
				8A514CA722CF999D004F3774 /* TutorialThirdViewController.swift in Sources */,
				8A94FE9D228A6133002E6F08 /* yolo.mlmodel in Sources */,
				8A4937B322B5CDCC008EA659 /* YOLO.swift in Sources */,
				8A67012422B338A200C7A09E /* QAViewController.swift in Sources */,
			);
			runOnlyForDeploymentPostprocessing = 0;
		};
		8A94FE77228A6112002E6F08 /* Sources */ = {
			isa = PBXSourcesBuildPhase;
			buildActionMask = 2147483647;
			files = (
				8A94FE80228A6112002E6F08 /* ARQandATests.swift in Sources */,
				8ADDE85122C0AD2100C2AFAE /* BoundingBox.swift in Sources */,
			);
			runOnlyForDeploymentPostprocessing = 0;
		};
		8A94FE82228A6112002E6F08 /* Sources */ = {
			isa = PBXSourcesBuildPhase;
			buildActionMask = 2147483647;
			files = (
				8A94FE8B228A6112002E6F08 /* ARQandAUITests.swift in Sources */,
			);
			runOnlyForDeploymentPostprocessing = 0;
		};
/* End PBXSourcesBuildPhase section */

/* Begin PBXTargetDependency section */
		8A94FE7D228A6112002E6F08 /* PBXTargetDependency */ = {
			isa = PBXTargetDependency;
			target = 8A94FE64228A6111002E6F08 /* ARQandA */;
			targetProxy = 8A94FE7C228A6112002E6F08 /* PBXContainerItemProxy */;
		};
		8A94FE88228A6112002E6F08 /* PBXTargetDependency */ = {
			isa = PBXTargetDependency;
			target = 8A94FE64228A6111002E6F08 /* ARQandA */;
			targetProxy = 8A94FE87228A6112002E6F08 /* PBXContainerItemProxy */;
		};
/* End PBXTargetDependency section */

/* Begin PBXVariantGroup section */
		8A94FE6E228A6111002E6F08 /* Main.storyboard */ = {
			isa = PBXVariantGroup;
			children = (
				8A94FE6F228A6111002E6F08 /* Base */,
			);
			name = Main.storyboard;
			sourceTree = "<group>";
		};
		8A94FE73228A6112002E6F08 /* LaunchScreen.storyboard */ = {
			isa = PBXVariantGroup;
			children = (
				8A94FE74228A6112002E6F08 /* Base */,
			);
			name = LaunchScreen.storyboard;
			sourceTree = "<group>";
		};
/* End PBXVariantGroup section */

/* Begin XCBuildConfiguration section */
		8A94FE8D228A6112002E6F08 /* Debug */ = {
			isa = XCBuildConfiguration;
			buildSettings = {
				ALWAYS_SEARCH_USER_PATHS = NO;
				CLANG_ANALYZER_NONNULL = YES;
				CLANG_ANALYZER_NUMBER_OBJECT_CONVERSION = YES_AGGRESSIVE;
				CLANG_CXX_LANGUAGE_STANDARD = "gnu++14";
				CLANG_CXX_LIBRARY = "libc++";
				CLANG_ENABLE_MODULES = YES;
				CLANG_ENABLE_OBJC_ARC = YES;
				CLANG_ENABLE_OBJC_WEAK = YES;
				CLANG_WARN_BLOCK_CAPTURE_AUTORELEASING = YES;
				CLANG_WARN_BOOL_CONVERSION = YES;
				CLANG_WARN_COMMA = YES;
				CLANG_WARN_CONSTANT_CONVERSION = YES;
				CLANG_WARN_DEPRECATED_OBJC_IMPLEMENTATIONS = YES;
				CLANG_WARN_DIRECT_OBJC_ISA_USAGE = YES_ERROR;
				CLANG_WARN_DOCUMENTATION_COMMENTS = YES;
				CLANG_WARN_EMPTY_BODY = YES;
				CLANG_WARN_ENUM_CONVERSION = YES;
				CLANG_WARN_INFINITE_RECURSION = YES;
				CLANG_WARN_INT_CONVERSION = YES;
				CLANG_WARN_NON_LITERAL_NULL_CONVERSION = YES;
				CLANG_WARN_OBJC_IMPLICIT_RETAIN_SELF = YES;
				CLANG_WARN_OBJC_LITERAL_CONVERSION = YES;
				CLANG_WARN_OBJC_ROOT_CLASS = YES_ERROR;
				CLANG_WARN_RANGE_LOOP_ANALYSIS = YES;
				CLANG_WARN_STRICT_PROTOTYPES = YES;
				CLANG_WARN_SUSPICIOUS_MOVE = YES;
				CLANG_WARN_UNGUARDED_AVAILABILITY = YES_AGGRESSIVE;
				CLANG_WARN_UNREACHABLE_CODE = YES;
				CLANG_WARN__DUPLICATE_METHOD_MATCH = YES;
				CODE_SIGN_IDENTITY = "iPhone Developer";
				COPY_PHASE_STRIP = NO;
				DEBUG_INFORMATION_FORMAT = dwarf;
				ENABLE_STRICT_OBJC_MSGSEND = YES;
				ENABLE_TESTABILITY = YES;
				GCC_C_LANGUAGE_STANDARD = gnu11;
				GCC_DYNAMIC_NO_PIC = NO;
				GCC_NO_COMMON_BLOCKS = YES;
				GCC_OPTIMIZATION_LEVEL = 0;
				GCC_PREPROCESSOR_DEFINITIONS = (
					"DEBUG=1",
					"$(inherited)",
				);
				GCC_WARN_64_TO_32_BIT_CONVERSION = YES;
				GCC_WARN_ABOUT_RETURN_TYPE = YES_ERROR;
				GCC_WARN_UNDECLARED_SELECTOR = YES;
				GCC_WARN_UNINITIALIZED_AUTOS = YES_AGGRESSIVE;
				GCC_WARN_UNUSED_FUNCTION = YES;
				GCC_WARN_UNUSED_VARIABLE = YES;
				IPHONEOS_DEPLOYMENT_TARGET = 12.2;
				MTL_ENABLE_DEBUG_INFO = INCLUDE_SOURCE;
				MTL_FAST_MATH = YES;
				ONLY_ACTIVE_ARCH = YES;
				SDKROOT = iphoneos;
				SWIFT_ACTIVE_COMPILATION_CONDITIONS = DEBUG;
				SWIFT_OPTIMIZATION_LEVEL = "-Onone";
			};
			name = Debug;
		};
		8A94FE8E228A6112002E6F08 /* Release */ = {
			isa = XCBuildConfiguration;
			buildSettings = {
				ALWAYS_SEARCH_USER_PATHS = NO;
				CLANG_ANALYZER_NONNULL = YES;
				CLANG_ANALYZER_NUMBER_OBJECT_CONVERSION = YES_AGGRESSIVE;
				CLANG_CXX_LANGUAGE_STANDARD = "gnu++14";
				CLANG_CXX_LIBRARY = "libc++";
				CLANG_ENABLE_MODULES = YES;
				CLANG_ENABLE_OBJC_ARC = YES;
				CLANG_ENABLE_OBJC_WEAK = YES;
				CLANG_WARN_BLOCK_CAPTURE_AUTORELEASING = YES;
				CLANG_WARN_BOOL_CONVERSION = YES;
				CLANG_WARN_COMMA = YES;
				CLANG_WARN_CONSTANT_CONVERSION = YES;
				CLANG_WARN_DEPRECATED_OBJC_IMPLEMENTATIONS = YES;
				CLANG_WARN_DIRECT_OBJC_ISA_USAGE = YES_ERROR;
				CLANG_WARN_DOCUMENTATION_COMMENTS = YES;
				CLANG_WARN_EMPTY_BODY = YES;
				CLANG_WARN_ENUM_CONVERSION = YES;
				CLANG_WARN_INFINITE_RECURSION = YES;
				CLANG_WARN_INT_CONVERSION = YES;
				CLANG_WARN_NON_LITERAL_NULL_CONVERSION = YES;
				CLANG_WARN_OBJC_IMPLICIT_RETAIN_SELF = YES;
				CLANG_WARN_OBJC_LITERAL_CONVERSION = YES;
				CLANG_WARN_OBJC_ROOT_CLASS = YES_ERROR;
				CLANG_WARN_RANGE_LOOP_ANALYSIS = YES;
				CLANG_WARN_STRICT_PROTOTYPES = YES;
				CLANG_WARN_SUSPICIOUS_MOVE = YES;
				CLANG_WARN_UNGUARDED_AVAILABILITY = YES_AGGRESSIVE;
				CLANG_WARN_UNREACHABLE_CODE = YES;
				CLANG_WARN__DUPLICATE_METHOD_MATCH = YES;
				CODE_SIGN_IDENTITY = "iPhone Developer";
				COPY_PHASE_STRIP = NO;
				DEBUG_INFORMATION_FORMAT = "dwarf-with-dsym";
				ENABLE_NS_ASSERTIONS = NO;
				ENABLE_STRICT_OBJC_MSGSEND = YES;
				GCC_C_LANGUAGE_STANDARD = gnu11;
				GCC_NO_COMMON_BLOCKS = YES;
				GCC_WARN_64_TO_32_BIT_CONVERSION = YES;
				GCC_WARN_ABOUT_RETURN_TYPE = YES_ERROR;
				GCC_WARN_UNDECLARED_SELECTOR = YES;
				GCC_WARN_UNINITIALIZED_AUTOS = YES_AGGRESSIVE;
				GCC_WARN_UNUSED_FUNCTION = YES;
				GCC_WARN_UNUSED_VARIABLE = YES;
				IPHONEOS_DEPLOYMENT_TARGET = 12.2;
				MTL_ENABLE_DEBUG_INFO = NO;
				MTL_FAST_MATH = YES;
				SDKROOT = iphoneos;
				SWIFT_COMPILATION_MODE = wholemodule;
				SWIFT_OPTIMIZATION_LEVEL = "-O";
				VALIDATE_PRODUCT = YES;
			};
			name = Release;
		};
		8A94FE90228A6112002E6F08 /* Debug */ = {
			isa = XCBuildConfiguration;
			baseConfigurationReference = C22BEF884E80D76F3E756D70 /* Pods-ARQandA.debug.xcconfig */;
			buildSettings = {
				ASSETCATALOG_COMPILER_APPICON_NAME = AppIcon;
				CODE_SIGN_STYLE = Automatic;
				DEVELOPMENT_TEAM = WRZHSAVGP2;
				INFOPLIST_FILE = ARQandA/Info.plist;
				IPHONEOS_DEPLOYMENT_TARGET = 11.0;
				LD_RUNPATH_SEARCH_PATHS = (
					"$(inherited)",
					"@executable_path/Frameworks",
				);
				PRODUCT_BUNDLE_IDENTIFIER = com.D0543027.ARQandA;
				PRODUCT_NAME = "$(TARGET_NAME)";
				SWIFT_VERSION = 4.2;
				TARGETED_DEVICE_FAMILY = "1,2";
			};
			name = Debug;
		};
		8A94FE91228A6112002E6F08 /* Release */ = {
			isa = XCBuildConfiguration;
			baseConfigurationReference = 05E0FD469A07533F47A954D3 /* Pods-ARQandA.release.xcconfig */;
			buildSettings = {
				ASSETCATALOG_COMPILER_APPICON_NAME = AppIcon;
				CODE_SIGN_STYLE = Automatic;
				DEVELOPMENT_TEAM = WRZHSAVGP2;
				INFOPLIST_FILE = ARQandA/Info.plist;
				IPHONEOS_DEPLOYMENT_TARGET = 11.0;
				LD_RUNPATH_SEARCH_PATHS = (
					"$(inherited)",
					"@executable_path/Frameworks",
				);
				PRODUCT_BUNDLE_IDENTIFIER = com.D0543027.ARQandA;
				PRODUCT_NAME = "$(TARGET_NAME)";
				SWIFT_VERSION = 4.2;
				TARGETED_DEVICE_FAMILY = "1,2";
			};
			name = Release;
		};
		8A94FE93228A6112002E6F08 /* Debug */ = {
			isa = XCBuildConfiguration;
			baseConfigurationReference = 4B7D9B81C523293D3D28E760 /* Pods-ARQandATests.debug.xcconfig */;
			buildSettings = {
				ALWAYS_EMBED_SWIFT_STANDARD_LIBRARIES = YES;
				BUNDLE_LOADER = "$(TEST_HOST)";
				CODE_SIGN_STYLE = Automatic;
				DEVELOPMENT_TEAM = WRZHSAVGP2;
				INFOPLIST_FILE = ARQandATests/Info.plist;
				LD_RUNPATH_SEARCH_PATHS = (
					"$(inherited)",
					"@executable_path/Frameworks",
					"@loader_path/Frameworks",
				);
				PRODUCT_BUNDLE_IDENTIFIER = com.D0543027.ARQandATests;
				PRODUCT_NAME = "$(TARGET_NAME)";
				SWIFT_VERSION = 5.0;
				TARGETED_DEVICE_FAMILY = "1,2";
				TEST_HOST = "$(BUILT_PRODUCTS_DIR)/ARQandA.app/ARQandA";
			};
			name = Debug;
		};
		8A94FE94228A6112002E6F08 /* Release */ = {
			isa = XCBuildConfiguration;
			baseConfigurationReference = 8C6AB45C759D86C6B6BF3569 /* Pods-ARQandATests.release.xcconfig */;
			buildSettings = {
				ALWAYS_EMBED_SWIFT_STANDARD_LIBRARIES = YES;
				BUNDLE_LOADER = "$(TEST_HOST)";
				CODE_SIGN_STYLE = Automatic;
				DEVELOPMENT_TEAM = WRZHSAVGP2;
				INFOPLIST_FILE = ARQandATests/Info.plist;
				LD_RUNPATH_SEARCH_PATHS = (
					"$(inherited)",
					"@executable_path/Frameworks",
					"@loader_path/Frameworks",
				);
				PRODUCT_BUNDLE_IDENTIFIER = com.D0543027.ARQandATests;
				PRODUCT_NAME = "$(TARGET_NAME)";
				SWIFT_VERSION = 5.0;
				TARGETED_DEVICE_FAMILY = "1,2";
				TEST_HOST = "$(BUILT_PRODUCTS_DIR)/ARQandA.app/ARQandA";
			};
			name = Release;
		};
		8A94FE96228A6112002E6F08 /* Debug */ = {
			isa = XCBuildConfiguration;
			baseConfigurationReference = F34CF678C9DA0DE417577C36 /* Pods-ARQandAUITests.debug.xcconfig */;
			buildSettings = {
				ALWAYS_EMBED_SWIFT_STANDARD_LIBRARIES = YES;
				CODE_SIGN_STYLE = Automatic;
				DEVELOPMENT_TEAM = WRZHSAVGP2;
				INFOPLIST_FILE = ARQandAUITests/Info.plist;
				LD_RUNPATH_SEARCH_PATHS = (
					"$(inherited)",
					"@executable_path/Frameworks",
					"@loader_path/Frameworks",
				);
				PRODUCT_BUNDLE_IDENTIFIER = com.D0543027.ARQandAUITests;
				PRODUCT_NAME = "$(TARGET_NAME)";
				SWIFT_VERSION = 4.2;
				TARGETED_DEVICE_FAMILY = "1,2";
				TEST_TARGET_NAME = ARQandA;
			};
			name = Debug;
		};
		8A94FE97228A6112002E6F08 /* Release */ = {
			isa = XCBuildConfiguration;
			baseConfigurationReference = 811E9209D473AE7DE4C43CAB /* Pods-ARQandAUITests.release.xcconfig */;
			buildSettings = {
				ALWAYS_EMBED_SWIFT_STANDARD_LIBRARIES = YES;
				CODE_SIGN_STYLE = Automatic;
				DEVELOPMENT_TEAM = WRZHSAVGP2;
				INFOPLIST_FILE = ARQandAUITests/Info.plist;
				LD_RUNPATH_SEARCH_PATHS = (
					"$(inherited)",
					"@executable_path/Frameworks",
					"@loader_path/Frameworks",
				);
				PRODUCT_BUNDLE_IDENTIFIER = com.D0543027.ARQandAUITests;
				PRODUCT_NAME = "$(TARGET_NAME)";
				SWIFT_VERSION = 4.2;
				TARGETED_DEVICE_FAMILY = "1,2";
				TEST_TARGET_NAME = ARQandA;
			};
			name = Release;
		};
/* End XCBuildConfiguration section */

/* Begin XCConfigurationList section */
		8A94FE60228A6111002E6F08 /* Build configuration list for PBXProject "ARQandA" */ = {
			isa = XCConfigurationList;
			buildConfigurations = (
				8A94FE8D228A6112002E6F08 /* Debug */,
				8A94FE8E228A6112002E6F08 /* Release */,
			);
			defaultConfigurationIsVisible = 0;
			defaultConfigurationName = Release;
		};
		8A94FE8F228A6112002E6F08 /* Build configuration list for PBXNativeTarget "ARQandA" */ = {
			isa = XCConfigurationList;
			buildConfigurations = (
				8A94FE90228A6112002E6F08 /* Debug */,
				8A94FE91228A6112002E6F08 /* Release */,
			);
			defaultConfigurationIsVisible = 0;
			defaultConfigurationName = Release;
		};
		8A94FE92228A6112002E6F08 /* Build configuration list for PBXNativeTarget "ARQandATests" */ = {
			isa = XCConfigurationList;
			buildConfigurations = (
				8A94FE93228A6112002E6F08 /* Debug */,
				8A94FE94228A6112002E6F08 /* Release */,
			);
			defaultConfigurationIsVisible = 0;
			defaultConfigurationName = Release;
		};
		8A94FE95228A6112002E6F08 /* Build configuration list for PBXNativeTarget "ARQandAUITests" */ = {
			isa = XCConfigurationList;
			buildConfigurations = (
				8A94FE96228A6112002E6F08 /* Debug */,
				8A94FE97228A6112002E6F08 /* Release */,
			);
			defaultConfigurationIsVisible = 0;
			defaultConfigurationName = Release;
		};
/* End XCConfigurationList section */
	};
	rootObject = 8A94FE5D228A6111002E6F08 /* Project object */;
}
